
Microsoft Visual Studio Solution File, Format Version 11.00
# Visual Studio 2010
Project("{FAE04EC0-301F-11D3-BF4B-00C04F79EFBC}") = "Assembly-CSharp", "Assembly-CSharp.csproj", "{90e08e04-8365-7764-2fe4-81c219e0d7db}"
EndProject
Project("{FAE04EC0-301F-11D3-BF4B-00C04F79EFBC}") = "Sirenix.OdinInspector.CompatibilityLayer", "Sirenix.OdinInspector.CompatibilityLayer.csproj", "{0e0f88ee-3e43-4f8d-d508-9306510c9f91}"
EndProject
Project("{FAE04EC0-301F-11D3-BF4B-00C04F79EFBC}") = "Sirenix.OdinInspector.CompatibilityLayer.Editor", "Sirenix.OdinInspector.CompatibilityLayer.Editor.csproj", "{0bead97b-b44c-9c27-3726-fe9fb931845d}"
EndProject
Project("{FAE04EC0-301F-11D3-BF4B-00C04F79EFBC}") = "Assembly-CSharp-Editor", "Assembly-CSharp-Editor.csproj", "{0ae089b2-60ee-95b8-c987-22062c5c38e0}"
EndProject
Global
	GlobalSection(SolutionConfigurationPlatforms) = preSolution
		Debug|Any CPU = Debug|Any CPU
	EndGlobalSection
	GlobalSection(ProjectConfigurationPlatforms) = postSolution
		{90e08e04-8365-7764-2fe4-81c219e0d7db}.Debug|Any CPU.ActiveCfg = Debug|Any CPU
		{90e08e04-8365-7764-2fe4-81c219e0d7db}.Debug|Any CPU.Build.0 = Debug|Any CPU
		{0e0f88ee-3e43-4f8d-d508-9306510c9f91}.Debug|Any CPU.ActiveCfg = Debug|Any CPU
		{0e0f88ee-3e43-4f8d-d508-9306510c9f91}.Debug|Any CPU.Build.0 = Debug|Any CPU
		{0bead97b-b44c-9c27-3726-fe9fb931845d}.Debug|Any CPU.ActiveCfg = Debug|Any CPU
		{0bead97b-b44c-9c27-3726-fe9fb931845d}.Debug|Any CPU.Build.0 = Debug|Any CPU
		{0ae089b2-60ee-95b8-c987-22062c5c38e0}.Debug|Any CPU.ActiveCfg = Debug|Any CPU
		{0ae089b2-60ee-95b8-c987-22062c5c38e0}.Debug|Any CPU.Build.0 = Debug|Any CPU
	EndGlobalSection
	GlobalSection(SolutionProperties) = preSolution
		HideSolutionNode = FALSE
	EndGlobalSection
EndGlobal
