
Microsoft Visual Studio Solution File, Format Version 11.00
# Visual Studio 2010
Project("{FAE04EC0-301F-11D3-BF4B-00C04F79EFBC}") = "Assembly-CSharp", "Assembly-CSharp.csproj", "{7ed523ef-db1e-13fd-f0d3-8fb66590ca17}"
EndProject
Project("{FAE04EC0-301F-11D3-BF4B-00C04F79EFBC}") = "Sirenix.OdinInspector.CompatibilityLayer", "Sirenix.OdinInspector.CompatibilityLayer.csproj", "{5f14e3f2-25be-34ac-c377-8833a28e92b5}"
EndProject
Project("{FAE04EC0-301F-11D3-BF4B-00C04F79EFBC}") = "Sirenix.OdinInspector.CompatibilityLayer.Editor", "Sirenix.OdinInspector.CompatibilityLayer.Editor.csproj", "{182ab5d4-6847-5587-19d1-02a8e9e65504}"
EndProject
Global
	GlobalSection(SolutionConfigurationPlatforms) = preSolution
		Debug|Any CPU = Debug|Any CPU
	EndGlobalSection
	GlobalSection(ProjectConfigurationPlatforms) = postSolution
		{7ed523ef-db1e-13fd-f0d3-8fb66590ca17}.Debug|Any CPU.ActiveCfg = Debug|Any CPU
		{7ed523ef-db1e-13fd-f0d3-8fb66590ca17}.Debug|Any CPU.Build.0 = Debug|Any CPU
		{5f14e3f2-25be-34ac-c377-8833a28e92b5}.Debug|Any CPU.ActiveCfg = Debug|Any CPU
		{5f14e3f2-25be-34ac-c377-8833a28e92b5}.Debug|Any CPU.Build.0 = Debug|Any CPU
		{182ab5d4-6847-5587-19d1-02a8e9e65504}.Debug|Any CPU.ActiveCfg = Debug|Any CPU
		{182ab5d4-6847-5587-19d1-02a8e9e65504}.Debug|Any CPU.Build.0 = Debug|Any CPU
	EndGlobalSection
	GlobalSection(SolutionProperties) = preSolution
		HideSolutionNode = FALSE
	EndGlobalSection
EndGlobal
